// !$*UTF8*$!
{
	archiveVersion = 1;
	classes = {
	};
	objectVersion = 46;
	objects = {

/* Begin PBXBuildFile section */
		4F0CFAC91AE2FE2F0097A2E6 /* Foundation.framework in Frameworks */ = {isa = PBXBuildFile; fileRef = 4F0CFAC81AE2FE2F0097A2E6 /* Foundation.framework */; };
		4F0CFACB1AE2FE2F0097A2E6 /* CoreGraphics.framework in Frameworks */ = {isa = PBXBuildFile; fileRef = 4F0CFACA1AE2FE2F0097A2E6 /* CoreGraphics.framework */; };
		4F0CFACD1AE2FE2F0097A2E6 /* UIKit.framework in Frameworks */ = {isa = PBXBuildFile; fileRef = 4F0CFACC1AE2FE2F0097A2E6 /* UIKit.framework */; };
		4F0CFAD31AE2FE310097A2E6 /* InfoPlist.strings in Resources */ = {isa = PBXBuildFile; fileRef = 4F0CFAD11AE2FE310097A2E6 /* InfoPlist.strings */; };
		4F0CFAD51AE2FE310097A2E6 /* main.m in Sources */ = {isa = PBXBuildFile; fileRef = 4F0CFAD41AE2FE310097A2E6 /* main.m */; };
		4F0CFAD91AE2FE320097A2E6 /* AppDelegate.m in Sources */ = {isa = PBXBuildFile; fileRef = 4F0CFAD81AE2FE320097A2E6 /* AppDelegate.m */; };
		4F0CFADB1AE2FE320097A2E6 /* Images.xcassets in Resources */ = {isa = PBXBuildFile; fileRef = 4F0CFADA1AE2FE320097A2E6 /* Images.xcassets */; };
		4F0CFAE21AE2FE320097A2E6 /* XCTest.framework in Frameworks */ = {isa = PBXBuildFile; fileRef = 4F0CFAE11AE2FE320097A2E6 /* XCTest.framework */; };
		4F0CFAE31AE2FE320097A2E6 /* Foundation.framework in Frameworks */ = {isa = PBXBuildFile; fileRef = 4F0CFAC81AE2FE2F0097A2E6 /* Foundation.framework */; };
		4F0CFAE41AE2FE320097A2E6 /* UIKit.framework in Frameworks */ = {isa = PBXBuildFile; fileRef = 4F0CFACC1AE2FE2F0097A2E6 /* UIKit.framework */; };
		4F0CFAEC1AE2FE320097A2E6 /* InfoPlist.strings in Resources */ = {isa = PBXBuildFile; fileRef = 4F0CFAEA1AE2FE320097A2E6 /* InfoPlist.strings */; };
		4F0CFAEE1AE2FE320097A2E6 /* FBIAppTests.m in Sources */ = {isa = PBXBuildFile; fileRef = 4F0CFAED1AE2FE320097A2E6 /* FBIAppTests.m */; };
		4F0CFAF81AE2FE7F0097A2E6 /* Structure.plist in Resources */ = {isa = PBXBuildFile; fileRef = 4F0CFAF71AE2FE7F0097A2E6 /* Structure.plist */; };
/* End PBXBuildFile section */

/* Begin PBXContainerItemProxy section */
		4F0CFAE51AE2FE320097A2E6 /* PBXContainerItemProxy */ = {
			isa = PBXContainerItemProxy;
			containerPortal = 4F0CFABD1AE2FE2E0097A2E6 /* Project object */;
			proxyType = 1;
			remoteGlobalIDString = 4F0CFAC41AE2FE2F0097A2E6;
			remoteInfo = FBIApp;
		};
/* End PBXContainerItemProxy section */

/* Begin PBXFileReference section */
		4F0CFAC51AE2FE2F0097A2E6 /* FBIApp.app */ = {isa = PBXFileReference; explicitFileType = wrapper.application; includeInIndex = 0; path = FBIApp.app; sourceTree = BUILT_PRODUCTS_DIR; };
		4F0CFAC81AE2FE2F0097A2E6 /* Foundation.framework */ = {isa = PBXFileReference; lastKnownFileType = wrapper.framework; name = Foundation.framework; path = System/Library/Frameworks/Foundation.framework; sourceTree = SDKROOT; };
		4F0CFACA1AE2FE2F0097A2E6 /* CoreGraphics.framework */ = {isa = PBXFileReference; lastKnownFileType = wrapper.framework; name = CoreGraphics.framework; path = System/Library/Frameworks/CoreGraphics.framework; sourceTree = SDKROOT; };
		4F0CFACC1AE2FE2F0097A2E6 /* UIKit.framework */ = {isa = PBXFileReference; lastKnownFileType = wrapper.framework; name = UIKit.framework; path = System/Library/Frameworks/UIKit.framework; sourceTree = SDKROOT; };
		4F0CFAD01AE2FE310097A2E6 /* FBIApp-Info.plist */ = {isa = PBXFileReference; lastKnownFileType = text.plist.xml; path = "FBIApp-Info.plist"; sourceTree = "<group>"; };
		4F0CFAD21AE2FE310097A2E6 /* en */ = {isa = PBXFileReference; lastKnownFileType = text.plist.strings; name = en; path = en.lproj/InfoPlist.strings; sourceTree = "<group>"; };
		4F0CFAD41AE2FE310097A2E6 /* main.m */ = {isa = PBXFileReference; lastKnownFileType = sourcecode.c.objc; path = main.m; sourceTree = "<group>"; };
		4F0CFAD61AE2FE310097A2E6 /* FBIApp-Prefix.pch */ = {isa = PBXFileReference; lastKnownFileType = sourcecode.c.h; path = "FBIApp-Prefix.pch"; sourceTree = "<group>"; };
		4F0CFAD71AE2FE320097A2E6 /* AppDelegate.h */ = {isa = PBXFileReference; lastKnownFileType = sourcecode.c.h; path = AppDelegate.h; sourceTree = "<group>"; };
		4F0CFAD81AE2FE320097A2E6 /* AppDelegate.m */ = {isa = PBXFileReference; lastKnownFileType = sourcecode.c.objc; path = AppDelegate.m; sourceTree = "<group>"; };
		4F0CFADA1AE2FE320097A2E6 /* Images.xcassets */ = {isa = PBXFileReference; lastKnownFileType = folder.assetcatalog; path = Images.xcassets; sourceTree = "<group>"; };
		4F0CFAE01AE2FE320097A2E6 /* FBIAppTests.xctest */ = {isa = PBXFileReference; explicitFileType = wrapper.cfbundle; includeInIndex = 0; path = FBIAppTests.xctest; sourceTree = BUILT_PRODUCTS_DIR; };
		4F0CFAE11AE2FE320097A2E6 /* XCTest.framework */ = {isa = PBXFileReference; lastKnownFileType = wrapper.framework; name = XCTest.framework; path = Library/Frameworks/XCTest.framework; sourceTree = DEVELOPER_DIR; };
		4F0CFAE91AE2FE320097A2E6 /* FBIAppTests-Info.plist */ = {isa = PBXFileReference; lastKnownFileType = text.plist.xml; path = "FBIAppTests-Info.plist"; sourceTree = "<group>"; };
		4F0CFAEB1AE2FE320097A2E6 /* en */ = {isa = PBXFileReference; lastKnownFileType = text.plist.strings; name = en; path = en.lproj/InfoPlist.strings; sourceTree = "<group>"; };
		4F0CFAED1AE2FE320097A2E6 /* FBIAppTests.m */ = {isa = PBXFileReference; lastKnownFileType = sourcecode.c.objc; path = FBIAppTests.m; sourceTree = "<group>"; };
		4F0CFAF71AE2FE7F0097A2E6 /* Structure.plist */ = {isa = PBXFileReference; fileEncoding = 4; lastKnownFileType = text.plist.xml; path = Structure.plist; sourceTree = "<group>"; };
/* End PBXFileReference section */

/* Begin PBXFrameworksBuildPhase section */
		4F0CFAC21AE2FE2F0097A2E6 /* Frameworks */ = {
			isa = PBXFrameworksBuildPhase;
			buildActionMask = 2147483647;
			files = (
				4F0CFACB1AE2FE2F0097A2E6 /* CoreGraphics.framework in Frameworks */,
				4F0CFACD1AE2FE2F0097A2E6 /* UIKit.framework in Frameworks */,
				4F0CFAC91AE2FE2F0097A2E6 /* Foundation.framework in Frameworks */,
			);
			runOnlyForDeploymentPostprocessing = 0;
		};
		4F0CFADD1AE2FE320097A2E6 /* Frameworks */ = {
			isa = PBXFrameworksBuildPhase;
			buildActionMask = 2147483647;
			files = (
				4F0CFAE21AE2FE320097A2E6 /* XCTest.framework in Frameworks */,
				4F0CFAE41AE2FE320097A2E6 /* UIKit.framework in Frameworks */,
				4F0CFAE31AE2FE320097A2E6 /* Foundation.framework in Frameworks */,
			);
			runOnlyForDeploymentPostprocessing = 0;
		};
/* End PBXFrameworksBuildPhase section */

/* Begin PBXGroup section */
		4F0CFABC1AE2FE2E0097A2E6 = {
			isa = PBXGroup;
			children = (
				4F0CFACE1AE2FE300097A2E6 /* FBIApp */,
				4F0CFAE71AE2FE320097A2E6 /* FBIAppTests */,
				4F0CFAC71AE2FE2F0097A2E6 /* Frameworks */,
				4F0CFAC61AE2FE2F0097A2E6 /* Products */,
			);
			sourceTree = "<group>";
		};
		4F0CFAC61AE2FE2F0097A2E6 /* Products */ = {
			isa = PBXGroup;
			children = (
				4F0CFAC51AE2FE2F0097A2E6 /* FBIApp.app */,
				4F0CFAE01AE2FE320097A2E6 /* FBIAppTests.xctest */,
			);
			name = Products;
			sourceTree = "<group>";
		};
		4F0CFAC71AE2FE2F0097A2E6 /* Frameworks */ = {
			isa = PBXGroup;
			children = (
				4F0CFAC81AE2FE2F0097A2E6 /* Foundation.framework */,
				4F0CFACA1AE2FE2F0097A2E6 /* CoreGraphics.framework */,
				4F0CFACC1AE2FE2F0097A2E6 /* UIKit.framework */,
				4F0CFAE11AE2FE320097A2E6 /* XCTest.framework */,
			);
			name = Frameworks;
			sourceTree = "<group>";
		};
		4F0CFACE1AE2FE300097A2E6 /* FBIApp */ = {
			isa = PBXGroup;
			children = (
				970F42891AF60DE300B458D6 /* Models */,
				970F42881AF60DD200B458D6 /* Controllers */,
				4F0CFAD71AE2FE320097A2E6 /* AppDelegate.h */,
				4F0CFAD81AE2FE320097A2E6 /* AppDelegate.m */,
				4F0CFADA1AE2FE320097A2E6 /* Images.xcassets */,
				4F0CFACF1AE2FE310097A2E6 /* Supporting Files */,
				4F0CFAF71AE2FE7F0097A2E6 /* Structure.plist */,
			);
			path = FBIApp;
			sourceTree = "<group>";
		};
		4F0CFACF1AE2FE310097A2E6 /* Supporting Files */ = {
			isa = PBXGroup;
			children = (
				4F0CFAD01AE2FE310097A2E6 /* FBIApp-Info.plist */,
				4F0CFAD11AE2FE310097A2E6 /* InfoPlist.strings */,
				4F0CFAD41AE2FE310097A2E6 /* main.m */,
				4F0CFAD61AE2FE310097A2E6 /* FBIApp-Prefix.pch */,
			);
			name = "Supporting Files";
			sourceTree = "<group>";
		};
		4F0CFAE71AE2FE320097A2E6 /* FBIAppTests */ = {
			isa = PBXGroup;
			children = (
				4F0CFAED1AE2FE320097A2E6 /* FBIAppTests.m */,
				4F0CFAE81AE2FE320097A2E6 /* Supporting Files */,
			);
			path = FBIAppTests;
			sourceTree = "<group>";
		};
		4F0CFAE81AE2FE320097A2E6 /* Supporting Files */ = {
			isa = PBXGroup;
			children = (
				4F0CFAE91AE2FE320097A2E6 /* FBIAppTests-Info.plist */,
				4F0CFAEA1AE2FE320097A2E6 /* InfoPlist.strings */,
			);
			name = "Supporting Files";
			sourceTree = "<group>";
		};
		970F42881AF60DD200B458D6 /* Controllers */ = {
			isa = PBXGroup;
			children = (
			);
			name = Controllers;
			sourceTree = "<group>";
		};
		970F42891AF60DE300B458D6 /* Models */ = {
			isa = PBXGroup;
			children = (
			);
			name = Models;
			sourceTree = "<group>";
		};
/* End PBXGroup section */

/* Begin PBXNativeTarget section */
		4F0CFAC41AE2FE2F0097A2E6 /* FBIApp */ = {
			isa = PBXNativeTarget;
			buildConfigurationList = 4F0CFAF11AE2FE330097A2E6 /* Build configuration list for PBXNativeTarget "FBIApp" */;
			buildPhases = (
				4F0CFAC11AE2FE2F0097A2E6 /* Sources */,
				4F0CFAC21AE2FE2F0097A2E6 /* Frameworks */,
				4F0CFAC31AE2FE2F0097A2E6 /* Resources */,
			);
			buildRules = (
			);
			dependencies = (
			);
			name = FBIApp;
			productName = FBIApp;
			productReference = 4F0CFAC51AE2FE2F0097A2E6 /* FBIApp.app */;
			productType = "com.apple.product-type.application";
		};
		4F0CFADF1AE2FE320097A2E6 /* FBIAppTests */ = {
			isa = PBXNativeTarget;
			buildConfigurationList = 4F0CFAF41AE2FE330097A2E6 /* Build configuration list for PBXNativeTarget "FBIAppTests" */;
			buildPhases = (
				4F0CFADC1AE2FE320097A2E6 /* Sources */,
				4F0CFADD1AE2FE320097A2E6 /* Frameworks */,
				4F0CFADE1AE2FE320097A2E6 /* Resources */,
			);
			buildRules = (
			);
			dependencies = (
				4F0CFAE61AE2FE320097A2E6 /* PBXTargetDependency */,
			);
			name = FBIAppTests;
			productName = FBIAppTests;
			productReference = 4F0CFAE01AE2FE320097A2E6 /* FBIAppTests.xctest */;
			productType = "com.apple.product-type.bundle.unit-test";
		};
/* End PBXNativeTarget section */

/* Begin PBXProject section */
		4F0CFABD1AE2FE2E0097A2E6 /* Project object */ = {
			isa = PBXProject;
			attributes = {
				LastUpgradeCheck = 0510;
				TargetAttributes = {
					4F0CFADF1AE2FE320097A2E6 = {
						TestTargetID = 4F0CFAC41AE2FE2F0097A2E6;
					};
				};
			};
			buildConfigurationList = 4F0CFAC01AE2FE2E0097A2E6 /* Build configuration list for PBXProject "FBIApp" */;
			compatibilityVersion = "Xcode 3.2";
			developmentRegion = English;
			hasScannedForEncodings = 0;
			knownRegions = (
				en,
			);
			mainGroup = 4F0CFABC1AE2FE2E0097A2E6;
			productRefGroup = 4F0CFAC61AE2FE2F0097A2E6 /* Products */;
			projectDirPath = "";
			projectRoot = "";
			targets = (
				4F0CFAC41AE2FE2F0097A2E6 /* FBIApp */,
				4F0CFADF1AE2FE320097A2E6 /* FBIAppTests */,
			);
		};
/* End PBXProject section */

/* Begin PBXResourcesBuildPhase section */
		4F0CFAC31AE2FE2F0097A2E6 /* Resources */ = {
			isa = PBXResourcesBuildPhase;
			buildActionMask = 2147483647;
			files = (
				4F0CFAD31AE2FE310097A2E6 /* InfoPlist.strings in Resources */,
				4F0CFADB1AE2FE320097A2E6 /* Images.xcassets in Resources */,
				4F0CFAF81AE2FE7F0097A2E6 /* Structure.plist in Resources */,
			);
			runOnlyForDeploymentPostprocessing = 0;
		};
		4F0CFADE1AE2FE320097A2E6 /* Resources */ = {
			isa = PBXResourcesBuildPhase;
			buildActionMask = 2147483647;
			files = (
				4F0CFAEC1AE2FE320097A2E6 /* InfoPlist.strings in Resources */,
			);
			runOnlyForDeploymentPostprocessing = 0;
		};
/* End PBXResourcesBuildPhase section */

/* Begin PBXSourcesBuildPhase section */
		4F0CFAC11AE2FE2F0097A2E6 /* Sources */ = {
			isa = PBXSourcesBuildPhase;
			buildActionMask = 2147483647;
			files = (
				4F0CFAD91AE2FE320097A2E6 /* AppDelegate.m in Sources */,
				4F0CFAD51AE2FE310097A2E6 /* main.m in Sources */,
			);
			runOnlyForDeploymentPostprocessing = 0;
		};
		4F0CFADC1AE2FE320097A2E6 /* Sources */ = {
			isa = PBXSourcesBuildPhase;
			buildActionMask = 2147483647;
			files = (
				4F0CFAEE1AE2FE320097A2E6 /* FBIAppTests.m in Sources */,
			);
			runOnlyForDeploymentPostprocessing = 0;
		};
/* End PBXSourcesBuildPhase section */

/* Begin PBXTargetDependency section */
		4F0CFAE61AE2FE320097A2E6 /* PBXTargetDependency */ = {
			isa = PBXTargetDependency;
			target = 4F0CFAC41AE2FE2F0097A2E6 /* FBIApp */;
			targetProxy = 4F0CFAE51AE2FE320097A2E6 /* PBXContainerItemProxy */;
		};
/* End PBXTargetDependency section */

/* Begin PBXVariantGroup section */
		4F0CFAD11AE2FE310097A2E6 /* InfoPlist.strings */ = {
			isa = PBXVariantGroup;
			children = (
				4F0CFAD21AE2FE310097A2E6 /* en */,
			);
			name = InfoPlist.strings;
			sourceTree = "<group>";
		};
		4F0CFAEA1AE2FE320097A2E6 /* InfoPlist.strings */ = {
			isa = PBXVariantGroup;
			children = (
				4F0CFAEB1AE2FE320097A2E6 /* en */,
			);
			name = InfoPlist.strings;
			sourceTree = "<group>";
		};
/* End PBXVariantGroup section */

/* Begin XCBuildConfiguration section */
		4F0CFAEF1AE2FE320097A2E6 /* Debug */ = {
			isa = XCBuildConfiguration;
			buildSettings = {
				ALWAYS_SEARCH_USER_PATHS = NO;
				CLANG_CXX_LANGUAGE_STANDARD = "gnu++0x";
				CLANG_CXX_LIBRARY = "libc++";
				CLANG_ENABLE_MODULES = YES;
				CLANG_ENABLE_OBJC_ARC = YES;
				CLANG_WARN_BOOL_CONVERSION = YES;
				CLANG_WARN_CONSTANT_CONVERSION = YES;
				CLANG_WARN_DIRECT_OBJC_ISA_USAGE = YES_ERROR;
				CLANG_WARN_EMPTY_BODY = YES;
				CLANG_WARN_ENUM_CONVERSION = YES;
				CLANG_WARN_INT_CONVERSION = YES;
				CLANG_WARN_OBJC_ROOT_CLASS = YES_ERROR;
				CLANG_WARN__DUPLICATE_METHOD_MATCH = YES;
				"CODE_SIGN_IDENTITY[sdk=iphoneos*]" = "iPhone Developer";
				COPY_PHASE_STRIP = NO;
				GCC_C_LANGUAGE_STANDARD = gnu99;
				GCC_DYNAMIC_NO_PIC = NO;
				GCC_OPTIMIZATION_LEVEL = 0;
				GCC_PREPROCESSOR_DEFINITIONS = (
					"DEBUG=1",
					"$(inherited)",
				);
				GCC_SYMBOLS_PRIVATE_EXTERN = NO;
				GCC_WARN_64_TO_32_BIT_CONVERSION = YES;
				GCC_WARN_ABOUT_RETURN_TYPE = YES_ERROR;
				GCC_WARN_UNDECLARED_SELECTOR = YES;
				GCC_WARN_UNINITIALIZED_AUTOS = YES_AGGRESSIVE;
				GCC_WARN_UNUSED_FUNCTION = YES;
				GCC_WARN_UNUSED_VARIABLE = YES;
				IPHONEOS_DEPLOYMENT_TARGET = 7.1;
				ONLY_ACTIVE_ARCH = YES;
				SDKROOT = iphoneos;
			};
			name = Debug;
		};
		4F0CFAF01AE2FE320097A2E6 /* Release */ = {
			isa = XCBuildConfiguration;
			buildSettings = {
				ALWAYS_SEARCH_USER_PATHS = NO;
				CLANG_CXX_LANGUAGE_STANDARD = "gnu++0x";
				CLANG_CXX_LIBRARY = "libc++";
				CLANG_ENABLE_MODULES = YES;
				CLANG_ENABLE_OBJC_ARC = YES;
				CLANG_WARN_BOOL_CONVERSION = YES;
				CLANG_WARN_CONSTANT_CONVERSION = YES;
				CLANG_WARN_DIRECT_OBJC_ISA_USAGE = YES_ERROR;
				CLANG_WARN_EMPTY_BODY = YES;
				CLANG_WARN_ENUM_CONVERSION = YES;
				CLANG_WARN_INT_CONVERSION = YES;
				CLANG_WARN_OBJC_ROOT_CLASS = YES_ERROR;
				CLANG_WARN__DUPLICATE_METHOD_MATCH = YES;
				"CODE_SIGN_IDENTITY[sdk=iphoneos*]" = "iPhone Developer";
				COPY_PHASE_STRIP = YES;
				ENABLE_NS_ASSERTIONS = NO;
				GCC_C_LANGUAGE_STANDARD = gnu99;
				GCC_WARN_64_TO_32_BIT_CONVERSION = YES;
				GCC_WARN_ABOUT_RETURN_TYPE = YES_ERROR;
				GCC_WARN_UNDECLARED_SELECTOR = YES;
				GCC_WARN_UNINITIALIZED_AUTOS = YES_AGGRESSIVE;
				GCC_WARN_UNUSED_FUNCTION = YES;
				GCC_WARN_UNUSED_VARIABLE = YES;
				IPHONEOS_DEPLOYMENT_TARGET = 7.1;
				SDKROOT = iphoneos;
				VALIDATE_PRODUCT = YES;
			};
			name = Release;
		};
		4F0CFAF21AE2FE330097A2E6 /* Debug */ = {
			isa = XCBuildConfiguration;
			buildSettings = {
				ASSETCATALOG_COMPILER_APPICON_NAME = AppIcon;
				ASSETCATALOG_COMPILER_LAUNCHIMAGE_NAME = LaunchImage;
				GCC_PRECOMPILE_PREFIX_HEADER = YES;
				GCC_PREFIX_HEADER = "FBIApp/FBIApp-Prefix.pch";
				INFOPLIST_FILE = "FBIApp/FBIApp-Info.plist";
				PRODUCT_NAME = "$(TARGET_NAME)";
				WRAPPER_EXTENSION = app;
			};
			name = Debug;
		};
		4F0CFAF31AE2FE330097A2E6 /* Release */ = {
			isa = XCBuildConfiguration;
			buildSettings = {
				ASSETCATALOG_COMPILER_APPICON_NAME = AppIcon;
				ASSETCATALOG_COMPILER_LAUNCHIMAGE_NAME = LaunchImage;
				GCC_PRECOMPILE_PREFIX_HEADER = YES;
				GCC_PREFIX_HEADER = "FBIApp/FBIApp-Prefix.pch";
				INFOPLIST_FILE = "FBIApp/FBIApp-Info.plist";
				PRODUCT_NAME = "$(TARGET_NAME)";
				WRAPPER_EXTENSION = app;
			};
			name = Release;
		};
		4F0CFAF51AE2FE330097A2E6 /* Debug */ = {
			isa = XCBuildConfiguration;
			buildSettings = {
				BUNDLE_LOADER = "$(BUILT_PRODUCTS_DIR)/FBIApp.app/FBIApp";
				FRAMEWORK_SEARCH_PATHS = (
					"$(SDKROOT)/Developer/Library/Frameworks",
					"$(inherited)",
					"$(DEVELOPER_FRAMEWORKS_DIR)",
				);
				GCC_PRECOMPILE_PREFIX_HEADER = YES;
				GCC_PREFIX_HEADER = "FBIApp/FBIApp-Prefix.pch";
				GCC_PREPROCESSOR_DEFINITIONS = (
					"DEBUG=1",
					"$(inherited)",
				);
				INFOPLIST_FILE = "FBIAppTests/FBIAppTests-Info.plist";
				PRODUCT_NAME = "$(TARGET_NAME)";
				TEST_HOST = "$(BUNDLE_LOADER)";
				WRAPPER_EXTENSION = xctest;
			};
			name = Debug;
		};
		4F0CFAF61AE2FE330097A2E6 /* Release */ = {
			isa = XCBuildConfiguration;
			buildSettings = {
				BUNDLE_LOADER = "$(BUILT_PRODUCTS_DIR)/FBIApp.app/FBIApp";
				FRAMEWORK_SEARCH_PATHS = (
					"$(SDKROOT)/Developer/Library/Frameworks",
					"$(inherited)",
					"$(DEVELOPER_FRAMEWORKS_DIR)",
				);
				GCC_PRECOMPILE_PREFIX_HEADER = YES;
				GCC_PREFIX_HEADER = "FBIApp/FBIApp-Prefix.pch";
				INFOPLIST_FILE = "FBIAppTests/FBIAppTests-Info.plist";
				PRODUCT_NAME = "$(TARGET_NAME)";
				TEST_HOST = "$(BUNDLE_LOADER)";
				WRAPPER_EXTENSION = xctest;
			};
			name = Release;
		};
/* End XCBuildConfiguration section */

/* Begin XCConfigurationList section */
		4F0CFAC01AE2FE2E0097A2E6 /* Build configuration list for PBXProject "FBIApp" */ = {
			isa = XCConfigurationList;
			buildConfigurations = (
				4F0CFAEF1AE2FE320097A2E6 /* Debug */,
				4F0CFAF01AE2FE320097A2E6 /* Release */,
			);
			defaultConfigurationIsVisible = 0;
			defaultConfigurationName = Release;
		};
		4F0CFAF11AE2FE330097A2E6 /* Build configuration list for PBXNativeTarget "FBIApp" */ = {
			isa = XCConfigurationList;
			buildConfigurations = (
				4F0CFAF21AE2FE330097A2E6 /* Debug */,
				4F0CFAF31AE2FE330097A2E6 /* Release */,
			);
			defaultConfigurationIsVisible = 0;
			defaultConfigurationName = Release;
		};
		4F0CFAF41AE2FE330097A2E6 /* Build configuration list for PBXNativeTarget "FBIAppTests" */ = {
			isa = XCConfigurationList;
			buildConfigurations = (
				4F0CFAF51AE2FE330097A2E6 /* Debug */,
				4F0CFAF61AE2FE330097A2E6 /* Release */,
			);
			defaultConfigurationIsVisible = 0;
			defaultConfigurationName = Release;
		};
/* End XCConfigurationList section */
	};
	rootObject = 4F0CFABD1AE2FE2E0097A2E6 /* Project object */;
}
